Microsoft Visual Studio Solution File, Format Version 12.00
# Visual Studio 15
VisualStudioVersion = 15.0.27130.2027
MinimumVisualStudioVersion = 15.0.26124.0
Project("{9A19103F-16F7-4668-BE54-9A1E7A4F7556}") = "Bifrost.Core", "Bifrost.Core\Bifrost.Core.csproj", "{FE9E4AF0-3623-44A6-B7EE-43C7E619D9D5}"
EndProject
Project("{9A19103F-16F7-4668-BE54-9A1E7A4F7556}") = "Bifrost.Data", "Bifrost.Data\Bifrost.Data.csproj", "{6E47461A-EF0A-4A2E-B9A8-D9A2BD1EEDBD}"
EndProject
Project("{9A19103F-16F7-4668-BE54-9A1E7A4F7556}") = "Bifrost.Repository", "Bifrost.Repository\Bifrost.Repository.csproj", "{E78B4F8C-47C2-4E31-9EB3-94B6420CC203}"
EndProject
Project("{9A19103F-16F7-4668-BE54-9A1E7A4F7556}") = "Bifrost.Services", "Bifrost.Services\Bifrost.Services.csproj", "{164BDA0B-EE96-4E92-96C5-B59BD7995417}"
EndProject
Project("{9A19103F-16F7-4668-BE54-9A1E7A4F7556}") = "Bifrost.Web", "Bifrost.Web\Bifrost.Web.csproj", "{E30D495D-C0A7-4BC0-BF55-E24D8793F112}"
EndProject
Project("{9A19103F-16F7-4668-BE54-9A1E7A4F7556}") = "Bifrost.Domain", "Bifrost.Domain\Bifrost.Domain.csproj", "{D81BBD77-203A-4585-86CC-19131BA33ADA}"
EndProject
Project("{9A19103F-16F7-4668-BE54-9A1E7A4F7556}") = "Bifrost.Auth", "Bifrost.Auth\Bifrost.Auth.csproj", "{9E32F1E1-C242-4417-9B89-82295B822468}"
EndProject
Global
	GlobalSection(SolutionConfigurationPlatforms) = preSolution
		Debug|Any CPU = Debug|Any CPU
		Debug|x64 = Debug|x64
		Debug|x86 = Debug|x86
		Release|Any CPU = Release|Any CPU
		Release|x64 = Release|x64
		Release|x86 = Release|x86
	EndGlobalSection
	GlobalSection(ProjectConfigurationPlatforms) = postSolution
		{FE9E4AF0-3623-44A6-B7EE-43C7E619D9D5}.Debug|Any CPU.ActiveCfg = Debug|Any CPU
		{FE9E4AF0-3623-44A6-B7EE-43C7E619D9D5}.Debug|Any CPU.Build.0 = Debug|Any CPU
		{FE9E4AF0-3623-44A6-B7EE-43C7E619D9D5}.Debug|x64.ActiveCfg = Debug|Any CPU
		{FE9E4AF0-3623-44A6-B7EE-43C7E619D9D5}.Debug|x64.Build.0 = Debug|Any CPU
		{FE9E4AF0-3623-44A6-B7EE-43C7E619D9D5}.Debug|x86.ActiveCfg = Debug|Any CPU
		{FE9E4AF0-3623-44A6-B7EE-43C7E619D9D5}.Debug|x86.Build.0 = Debug|Any CPU
		{FE9E4AF0-3623-44A6-B7EE-43C7E619D9D5}.Release|Any CPU.ActiveCfg = Release|Any CPU
		{FE9E4AF0-3623-44A6-B7EE-43C7E619D9D5}.Release|Any CPU.Build.0 = Release|Any CPU
		{FE9E4AF0-3623-44A6-B7EE-43C7E619D9D5}.Release|x64.ActiveCfg = Release|Any CPU
		{FE9E4AF0-3623-44A6-B7EE-43C7E619D9D5}.Release|x64.Build.0 = Release|Any CPU
		{FE9E4AF0-3623-44A6-B7EE-43C7E619D9D5}.Release|x86.ActiveCfg = Release|Any CPU
		{FE9E4AF0-3623-44A6-B7EE-43C7E619D9D5}.Release|x86.Build.0 = Release|Any CPU
		{6E47461A-EF0A-4A2E-B9A8-D9A2BD1EEDBD}.Debug|Any CPU.ActiveCfg = Debug|Any CPU
		{6E47461A-EF0A-4A2E-B9A8-D9A2BD1EEDBD}.Debug|Any CPU.Build.0 = Debug|Any CPU
		{6E47461A-EF0A-4A2E-B9A8-D9A2BD1EEDBD}.Debug|x64.ActiveCfg = Debug|Any CPU
		{6E47461A-EF0A-4A2E-B9A8-D9A2BD1EEDBD}.Debug|x64.Build.0 = Debug|Any CPU
		{6E47461A-EF0A-4A2E-B9A8-D9A2BD1EEDBD}.Debug|x86.ActiveCfg = Debug|Any CPU
		{6E47461A-EF0A-4A2E-B9A8-D9A2BD1EEDBD}.Debug|x86.Build.0 = Debug|Any CPU
		{6E47461A-EF0A-4A2E-B9A8-D9A2BD1EEDBD}.Release|Any CPU.ActiveCfg = Release|Any CPU
		{6E47461A-EF0A-4A2E-B9A8-D9A2BD1EEDBD}.Release|Any CPU.Build.0 = Release|Any CPU
		{6E47461A-EF0A-4A2E-B9A8-D9A2BD1EEDBD}.Release|x64.ActiveCfg = Release|Any CPU
		{6E47461A-EF0A-4A2E-B9A8-D9A2BD1EEDBD}.Release|x64.Build.0 = Release|Any CPU
		{6E47461A-EF0A-4A2E-B9A8-D9A2BD1EEDBD}.Release|x86.ActiveCfg = Release|Any CPU
		{6E47461A-EF0A-4A2E-B9A8-D9A2BD1EEDBD}.Release|x86.Build.0 = Release|Any CPU
		{E78B4F8C-47C2-4E31-9EB3-94B6420CC203}.Debug|Any CPU.ActiveCfg = Debug|Any CPU
		{E78B4F8C-47C2-4E31-9EB3-94B6420CC203}.Debug|Any CPU.Build.0 = Debug|Any CPU
		{E78B4F8C-47C2-4E31-9EB3-94B6420CC203}.Debug|x64.ActiveCfg = Debug|Any CPU
		{E78B4F8C-47C2-4E31-9EB3-94B6420CC203}.Debug|x64.Build.0 = Debug|Any CPU
		{E78B4F8C-47C2-4E31-9EB3-94B6420CC203}.Debug|x86.ActiveCfg = Debug|Any CPU
		{E78B4F8C-47C2-4E31-9EB3-94B6420CC203}.Debug|x86.Build.0 = Debug|Any CPU
		{E78B4F8C-47C2-4E31-9EB3-94B6420CC203}.Release|Any CPU.ActiveCfg = Release|Any CPU
		{E78B4F8C-47C2-4E31-9EB3-94B6420CC203}.Release|Any CPU.Build.0 = Release|Any CPU
		{E78B4F8C-47C2-4E31-9EB3-94B6420CC203}.Release|x64.ActiveCfg = Release|Any CPU
		{E78B4F8C-47C2-4E31-9EB3-94B6420CC203}.Release|x64.Build.0 = Release|Any CPU
		{E78B4F8C-47C2-4E31-9EB3-94B6420CC203}.Release|x86.ActiveCfg = Release|Any CPU
		{E78B4F8C-47C2-4E31-9EB3-94B6420CC203}.Release|x86.Build.0 = Release|Any CPU
		{164BDA0B-EE96-4E92-96C5-B59BD7995417}.Debug|Any CPU.ActiveCfg = Debug|Any CPU
		{164BDA0B-EE96-4E92-96C5-B59BD7995417}.Debug|Any CPU.Build.0 = Debug|Any CPU
		{164BDA0B-EE96-4E92-96C5-B59BD7995417}.Debug|x64.ActiveCfg = Debug|Any CPU
		{164BDA0B-EE96-4E92-96C5-B59BD7995417}.Debug|x64.Build.0 = Debug|Any CPU
		{164BDA0B-EE96-4E92-96C5-B59BD7995417}.Debug|x86.ActiveCfg = Debug|Any CPU
		{164BDA0B-EE96-4E92-96C5-B59BD7995417}.Debug|x86.Build.0 = Debug|Any CPU
		{164BDA0B-EE96-4E92-96C5-B59BD7995417}.Release|Any CPU.ActiveCfg = Release|Any CPU
		{164BDA0B-EE96-4E92-96C5-B59BD7995417}.Release|Any CPU.Build.0 = Release|Any CPU
		{164BDA0B-EE96-4E92-96C5-B59BD7995417}.Release|x64.ActiveCfg = Release|Any CPU
		{164BDA0B-EE96-4E92-96C5-B59BD7995417}.Release|x64.Build.0 = Release|Any CPU
		{164BDA0B-EE96-4E92-96C5-B59BD7995417}.Release|x86.ActiveCfg = Release|Any CPU
		{164BDA0B-EE96-4E92-96C5-B59BD7995417}.Release|x86.Build.0 = Release|Any CPU
		{E30D495D-C0A7-4BC0-BF55-E24D8793F112}.Debug|Any CPU.ActiveCfg = Debug|Any CPU
		{E30D495D-C0A7-4BC0-BF55-E24D8793F112}.Debug|Any CPU.Build.0 = Debug|Any CPU
		{E30D495D-C0A7-4BC0-BF55-E24D8793F112}.Debug|x64.ActiveCfg = Debug|Any CPU
		{E30D495D-C0A7-4BC0-BF55-E24D8793F112}.Debug|x64.Build.0 = Debug|Any CPU
		{E30D495D-C0A7-4BC0-BF55-E24D8793F112}.Debug|x86.ActiveCfg = Debug|Any CPU
		{E30D495D-C0A7-4BC0-BF55-E24D8793F112}.Debug|x86.Build.0 = Debug|Any CPU
		{E30D495D-C0A7-4BC0-BF55-E24D8793F112}.Release|Any CPU.ActiveCfg = Release|Any CPU
		{E30D495D-C0A7-4BC0-BF55-E24D8793F112}.Release|Any CPU.Build.0 = Release|Any CPU
		{E30D495D-C0A7-4BC0-BF55-E24D8793F112}.Release|x64.ActiveCfg = Release|Any CPU
		{E30D495D-C0A7-4BC0-BF55-E24D8793F112}.Release|x64.Build.0 = Release|Any CPU
		{E30D495D-C0A7-4BC0-BF55-E24D8793F112}.Release|x86.ActiveCfg = Release|Any CPU
		{E30D495D-C0A7-4BC0-BF55-E24D8793F112}.Release|x86.Build.0 = Release|Any CPU
		{D81BBD77-203A-4585-86CC-19131BA33ADA}.Debug|Any CPU.ActiveCfg = Debug|Any CPU
		{D81BBD77-203A-4585-86CC-19131BA33ADA}.Debug|Any CPU.Build.0 = Debug|Any CPU
		{D81BBD77-203A-4585-86CC-19131BA33ADA}.Debug|x64.ActiveCfg = Debug|Any CPU
		{D81BBD77-203A-4585-86CC-19131BA33ADA}.Debug|x64.Build.0 = Debug|Any CPU
		{D81BBD77-203A-4585-86CC-19131BA33ADA}.Debug|x86.ActiveCfg = Debug|Any CPU
		{D81BBD77-203A-4585-86CC-19131BA33ADA}.Debug|x86.Build.0 = Debug|Any CPU
		{D81BBD77-203A-4585-86CC-19131BA33ADA}.Release|Any CPU.ActiveCfg = Release|Any CPU
		{D81BBD77-203A-4585-86CC-19131BA33ADA}.Release|Any CPU.Build.0 = Release|Any CPU
		{D81BBD77-203A-4585-86CC-19131BA33ADA}.Release|x64.ActiveCfg = Release|Any CPU
		{D81BBD77-203A-4585-86CC-19131BA33ADA}.Release|x64.Build.0 = Release|Any CPU
		{D81BBD77-203A-4585-86CC-19131BA33ADA}.Release|x86.ActiveCfg = Release|Any CPU
		{D81BBD77-203A-4585-86CC-19131BA33ADA}.Release|x86.Build.0 = Release|Any CPU
		{9E32F1E1-C242-4417-9B89-82295B822468}.Debug|Any CPU.ActiveCfg = Debug|Any CPU
		{9E32F1E1-C242-4417-9B89-82295B822468}.Debug|Any CPU.Build.0 = Debug|Any CPU
		{9E32F1E1-C242-4417-9B89-82295B822468}.Debug|x64.ActiveCfg = Debug|Any CPU
		{9E32F1E1-C242-4417-9B89-82295B822468}.Debug|x64.Build.0 = Debug|Any CPU
		{9E32F1E1-C242-4417-9B89-82295B822468}.Debug|x86.ActiveCfg = Debug|Any CPU
		{9E32F1E1-C242-4417-9B89-82295B822468}.Debug|x86.Build.0 = Debug|Any CPU
		{9E32F1E1-C242-4417-9B89-82295B822468}.Release|Any CPU.ActiveCfg = Release|Any CPU
		{9E32F1E1-C242-4417-9B89-82295B822468}.Release|Any CPU.Build.0 = Release|Any CPU
		{9E32F1E1-C242-4417-9B89-82295B822468}.Release|x64.ActiveCfg = Release|Any CPU
		{9E32F1E1-C242-4417-9B89-82295B822468}.Release|x64.Build.0 = Release|Any CPU
		{9E32F1E1-C242-4417-9B89-82295B822468}.Release|x86.ActiveCfg = Release|Any CPU
		{9E32F1E1-C242-4417-9B89-82295B822468}.Release|x86.Build.0 = Release|Any CPU
	EndGlobalSection
	GlobalSection(SolutionProperties) = preSolution
		HideSolutionNode = FALSE
	EndGlobalSection
	GlobalSection(ExtensibilityGlobals) = postSolution
		SolutionGuid = {DA8F24F4-55CF-4E3A-A16B-3CBC00631B10}
	EndGlobalSection
EndGlobal
